
Microsoft Visual Studio Solution File, Format Version 12.00
# Visual Studio 15
VisualStudioVersion = 15.0.26114.2
MinimumVisualStudioVersion = 10.0.40219.1
Project("{FAE04EC0-301F-11D3-BF4B-00C04F79EFBC}") = "DayPrinter", "DayPrinter\DayPrinter.csproj", "{B3E76AAA-3BE8-49C7-A831-64EF68C6F28D}"
EndProject
Project("{FAE04EC0-301F-11D3-BF4B-00C04F79EFBC}") = "ElseIf", "ElseIf\ElseIf.csproj", "{C7008ACC-EE4B-49CC-B7FB-5F9F95E257A9}"
EndProject
Project("{FAE04EC0-301F-11D3-BF4B-00C04F79EFBC}") = "TempConv", "TempConv\TempConv.csproj", "{6D18F93D-E26F-4FF4-ABF2-1450FD9FB19D}"
EndProject
Project("{FAE04EC0-301F-11D3-BF4B-00C04F79EFBC}") = "HelloMethods", "HelloMethods\HelloMethods.csproj", "{9B69E0D2-FBD5-4FB4-9D40-768AE4F57300}"
EndProject
Project("{FAE04EC0-301F-11D3-BF4B-00C04F79EFBC}") = "Gradebook", "Gradebook\Gradebook.csproj", "{9E08496B-2501-4CBF-844F-8FD7BA97F4E6}"
EndProject
Project("{FAE04EC0-301F-11D3-BF4B-00C04F79EFBC}") = "GradebookDict", "GradebookDict\GradebookDict.csproj", "{EFCB1B91-2E92-478F-BFF7-013FF6911DCC}"
EndProject
Project("{FAE04EC0-301F-11D3-BF4B-00C04F79EFBC}") = "GradebookArray", "GradebookArray\GradebookArray.csproj", "{89051A0E-8D18-48C3-B4E6-D05F62D252CE}"
EndProject
Project("{FAE04EC0-301F-11D3-BF4B-00C04F79EFBC}") = "HelloWorld", "HelloWorld\HelloWorld.csproj", "{D1710E7B-E659-4959-B3C5-A8BF3AE542C2}"
EndProject
Project("{FAE04EC0-301F-11D3-BF4B-00C04F79EFBC}") = "AreaRectCalc", "RectAreaCalc\AreaRectCalc.csproj", "{3F1DA2E2-E9DE-441C-B5EC-06D10303A248}"
EndProject
Project("{FAE04EC0-301F-11D3-BF4B-00C04F79EFBC}") = "MilesPerGallon", "MilesPerGallon\MilesPerGallon.csproj", "{64A7AA5D-E42A-4B46-8DC4-CE88A5C1B744}"
EndProject
Project("{FAE04EC0-301F-11D3-BF4B-00C04F79EFBC}") = "AliceInString", "AliceInString\AliceInString.csproj", "{B39E982F-7AC9-40BC-B4FC-8B70CA594DCD}"
EndProject
Project("{FAE04EC0-301F-11D3-BF4B-00C04F79EFBC}") = "BetterAlice", "BetterAlice\BetterAlice.csproj", "{85B079C5-61E5-4C86-A1AF-9FFEA99F3D4D}"
EndProject
Project("{FAE04EC0-301F-11D3-BF4B-00C04F79EFBC}") = "AreaCircleCalc", "AreaCircleCalc\AreaCircleCalc.csproj", "{6F3B3F46-DC0E-4352-BC55-472245FAC18C}"
EndProject
Project("{FAE04EC0-301F-11D3-BF4B-00C04F79EFBC}") = "EvenNumSum", "EvenNumSum\EvenNumSum.csproj", "{2008375D-DAA7-47BB-AF3C-816299E726F7}"
EndProject
Project("{FAE04EC0-301F-11D3-BF4B-00C04F79EFBC}") = "FiveLetterWords", "FiveLetterWords\FiveLetterWords.csproj", "{CAFC1D80-FE10-4D4A-AF12-6CBFADC6FB68}"
EndProject
Project("{FAE04EC0-301F-11D3-BF4B-00C04F79EFBC}") = "PrintArray", "PrintArray\PrintArray.csproj", "{3AEEEF6D-B14A-4474-A3F4-F92AD7FC2AAB}"
EndProject
Project("{FAE04EC0-301F-11D3-BF4B-00C04F79EFBC}") = "StudentIDDict", "StudentIDDict\StudentIDDict.csproj", "{07A2902D-B4AE-4B8B-BDF8-5DF89B1D3728}"
EndProject
Project("{FAE04EC0-301F-11D3-BF4B-00C04F79EFBC}") = "GradebookDictString", "GradebookDictString\GradebookDictString.csproj", "{408AC3C9-4D64-420B-94CA-F014CD5563CD}"
EndProject
Project("{FAE04EC0-301F-11D3-BF4B-00C04F79EFBC}") = "CountingChars", "CountingChars\CountingChars.csproj", "{56748042-1A38-4B61-AFFB-211968E66089}"
EndProject
Global
	GlobalSection(SolutionConfigurationPlatforms) = preSolution
		Debug|Any CPU = Debug|Any CPU
		Release|Any CPU = Release|Any CPU
	EndGlobalSection
	GlobalSection(ProjectConfigurationPlatforms) = postSolution
		{B3E76AAA-3BE8-49C7-A831-64EF68C6F28D}.Debug|Any CPU.ActiveCfg = Debug|Any CPU
		{B3E76AAA-3BE8-49C7-A831-64EF68C6F28D}.Debug|Any CPU.Build.0 = Debug|Any CPU
		{B3E76AAA-3BE8-49C7-A831-64EF68C6F28D}.Release|Any CPU.ActiveCfg = Release|Any CPU
		{B3E76AAA-3BE8-49C7-A831-64EF68C6F28D}.Release|Any CPU.Build.0 = Release|Any CPU
		{C7008ACC-EE4B-49CC-B7FB-5F9F95E257A9}.Debug|Any CPU.ActiveCfg = Debug|Any CPU
		{C7008ACC-EE4B-49CC-B7FB-5F9F95E257A9}.Debug|Any CPU.Build.0 = Debug|Any CPU
		{C7008ACC-EE4B-49CC-B7FB-5F9F95E257A9}.Release|Any CPU.ActiveCfg = Release|Any CPU
		{C7008ACC-EE4B-49CC-B7FB-5F9F95E257A9}.Release|Any CPU.Build.0 = Release|Any CPU
		{6D18F93D-E26F-4FF4-ABF2-1450FD9FB19D}.Debug|Any CPU.ActiveCfg = Debug|Any CPU
		{6D18F93D-E26F-4FF4-ABF2-1450FD9FB19D}.Debug|Any CPU.Build.0 = Debug|Any CPU
		{6D18F93D-E26F-4FF4-ABF2-1450FD9FB19D}.Release|Any CPU.ActiveCfg = Release|Any CPU
		{6D18F93D-E26F-4FF4-ABF2-1450FD9FB19D}.Release|Any CPU.Build.0 = Release|Any CPU
		{9B69E0D2-FBD5-4FB4-9D40-768AE4F57300}.Debug|Any CPU.ActiveCfg = Debug|Any CPU
		{9B69E0D2-FBD5-4FB4-9D40-768AE4F57300}.Debug|Any CPU.Build.0 = Debug|Any CPU
		{9B69E0D2-FBD5-4FB4-9D40-768AE4F57300}.Release|Any CPU.ActiveCfg = Release|Any CPU
		{9B69E0D2-FBD5-4FB4-9D40-768AE4F57300}.Release|Any CPU.Build.0 = Release|Any CPU
		{9E08496B-2501-4CBF-844F-8FD7BA97F4E6}.Debug|Any CPU.ActiveCfg = Debug|Any CPU
		{9E08496B-2501-4CBF-844F-8FD7BA97F4E6}.Debug|Any CPU.Build.0 = Debug|Any CPU
		{9E08496B-2501-4CBF-844F-8FD7BA97F4E6}.Release|Any CPU.ActiveCfg = Release|Any CPU
		{9E08496B-2501-4CBF-844F-8FD7BA97F4E6}.Release|Any CPU.Build.0 = Release|Any CPU
		{EFCB1B91-2E92-478F-BFF7-013FF6911DCC}.Debug|Any CPU.ActiveCfg = Debug|Any CPU
		{EFCB1B91-2E92-478F-BFF7-013FF6911DCC}.Debug|Any CPU.Build.0 = Debug|Any CPU
		{EFCB1B91-2E92-478F-BFF7-013FF6911DCC}.Release|Any CPU.ActiveCfg = Release|Any CPU
		{EFCB1B91-2E92-478F-BFF7-013FF6911DCC}.Release|Any CPU.Build.0 = Release|Any CPU
		{89051A0E-8D18-48C3-B4E6-D05F62D252CE}.Debug|Any CPU.ActiveCfg = Debug|Any CPU
		{89051A0E-8D18-48C3-B4E6-D05F62D252CE}.Debug|Any CPU.Build.0 = Debug|Any CPU
		{89051A0E-8D18-48C3-B4E6-D05F62D252CE}.Release|Any CPU.ActiveCfg = Release|Any CPU
		{89051A0E-8D18-48C3-B4E6-D05F62D252CE}.Release|Any CPU.Build.0 = Release|Any CPU
		{D1710E7B-E659-4959-B3C5-A8BF3AE542C2}.Debug|Any CPU.ActiveCfg = Debug|Any CPU
		{D1710E7B-E659-4959-B3C5-A8BF3AE542C2}.Debug|Any CPU.Build.0 = Debug|Any CPU
		{D1710E7B-E659-4959-B3C5-A8BF3AE542C2}.Release|Any CPU.ActiveCfg = Release|Any CPU
		{D1710E7B-E659-4959-B3C5-A8BF3AE542C2}.Release|Any CPU.Build.0 = Release|Any CPU
		{3F1DA2E2-E9DE-441C-B5EC-06D10303A248}.Debug|Any CPU.ActiveCfg = Debug|Any CPU
		{3F1DA2E2-E9DE-441C-B5EC-06D10303A248}.Debug|Any CPU.Build.0 = Debug|Any CPU
		{3F1DA2E2-E9DE-441C-B5EC-06D10303A248}.Release|Any CPU.ActiveCfg = Release|Any CPU
		{3F1DA2E2-E9DE-441C-B5EC-06D10303A248}.Release|Any CPU.Build.0 = Release|Any CPU
		{64A7AA5D-E42A-4B46-8DC4-CE88A5C1B744}.Debug|Any CPU.ActiveCfg = Debug|Any CPU
		{64A7AA5D-E42A-4B46-8DC4-CE88A5C1B744}.Debug|Any CPU.Build.0 = Debug|Any CPU
		{64A7AA5D-E42A-4B46-8DC4-CE88A5C1B744}.Release|Any CPU.ActiveCfg = Release|Any CPU
		{64A7AA5D-E42A-4B46-8DC4-CE88A5C1B744}.Release|Any CPU.Build.0 = Release|Any CPU
		{B39E982F-7AC9-40BC-B4FC-8B70CA594DCD}.Debug|Any CPU.ActiveCfg = Debug|Any CPU
		{B39E982F-7AC9-40BC-B4FC-8B70CA594DCD}.Debug|Any CPU.Build.0 = Debug|Any CPU
		{B39E982F-7AC9-40BC-B4FC-8B70CA594DCD}.Release|Any CPU.ActiveCfg = Release|Any CPU
		{B39E982F-7AC9-40BC-B4FC-8B70CA594DCD}.Release|Any CPU.Build.0 = Release|Any CPU
		{85B079C5-61E5-4C86-A1AF-9FFEA99F3D4D}.Debug|Any CPU.ActiveCfg = Debug|Any CPU
		{85B079C5-61E5-4C86-A1AF-9FFEA99F3D4D}.Debug|Any CPU.Build.0 = Debug|Any CPU
		{85B079C5-61E5-4C86-A1AF-9FFEA99F3D4D}.Release|Any CPU.ActiveCfg = Release|Any CPU
		{85B079C5-61E5-4C86-A1AF-9FFEA99F3D4D}.Release|Any CPU.Build.0 = Release|Any CPU
		{6F3B3F46-DC0E-4352-BC55-472245FAC18C}.Debug|Any CPU.ActiveCfg = Debug|Any CPU
		{6F3B3F46-DC0E-4352-BC55-472245FAC18C}.Debug|Any CPU.Build.0 = Debug|Any CPU
		{6F3B3F46-DC0E-4352-BC55-472245FAC18C}.Release|Any CPU.ActiveCfg = Release|Any CPU
		{6F3B3F46-DC0E-4352-BC55-472245FAC18C}.Release|Any CPU.Build.0 = Release|Any CPU
		{2008375D-DAA7-47BB-AF3C-816299E726F7}.Debug|Any CPU.ActiveCfg = Debug|Any CPU
		{2008375D-DAA7-47BB-AF3C-816299E726F7}.Debug|Any CPU.Build.0 = Debug|Any CPU
		{2008375D-DAA7-47BB-AF3C-816299E726F7}.Release|Any CPU.ActiveCfg = Release|Any CPU
		{2008375D-DAA7-47BB-AF3C-816299E726F7}.Release|Any CPU.Build.0 = Release|Any CPU
		{CAFC1D80-FE10-4D4A-AF12-6CBFADC6FB68}.Debug|Any CPU.ActiveCfg = Debug|Any CPU
		{CAFC1D80-FE10-4D4A-AF12-6CBFADC6FB68}.Debug|Any CPU.Build.0 = Debug|Any CPU
		{CAFC1D80-FE10-4D4A-AF12-6CBFADC6FB68}.Release|Any CPU.ActiveCfg = Release|Any CPU
		{CAFC1D80-FE10-4D4A-AF12-6CBFADC6FB68}.Release|Any CPU.Build.0 = Release|Any CPU
		{3AEEEF6D-B14A-4474-A3F4-F92AD7FC2AAB}.Debug|Any CPU.ActiveCfg = Debug|Any CPU
		{3AEEEF6D-B14A-4474-A3F4-F92AD7FC2AAB}.Debug|Any CPU.Build.0 = Debug|Any CPU
		{3AEEEF6D-B14A-4474-A3F4-F92AD7FC2AAB}.Release|Any CPU.ActiveCfg = Release|Any CPU
		{3AEEEF6D-B14A-4474-A3F4-F92AD7FC2AAB}.Release|Any CPU.Build.0 = Release|Any CPU
		{07A2902D-B4AE-4B8B-BDF8-5DF89B1D3728}.Debug|Any CPU.ActiveCfg = Debug|Any CPU
		{07A2902D-B4AE-4B8B-BDF8-5DF89B1D3728}.Debug|Any CPU.Build.0 = Debug|Any CPU
		{07A2902D-B4AE-4B8B-BDF8-5DF89B1D3728}.Release|Any CPU.ActiveCfg = Release|Any CPU
		{07A2902D-B4AE-4B8B-BDF8-5DF89B1D3728}.Release|Any CPU.Build.0 = Release|Any CPU
		{408AC3C9-4D64-420B-94CA-F014CD5563CD}.Debug|Any CPU.ActiveCfg = Debug|Any CPU
		{408AC3C9-4D64-420B-94CA-F014CD5563CD}.Debug|Any CPU.Build.0 = Debug|Any CPU
		{408AC3C9-4D64-420B-94CA-F014CD5563CD}.Release|Any CPU.ActiveCfg = Release|Any CPU
		{408AC3C9-4D64-420B-94CA-F014CD5563CD}.Release|Any CPU.Build.0 = Release|Any CPU
		{56748042-1A38-4B61-AFFB-211968E66089}.Debug|Any CPU.ActiveCfg = Debug|Any CPU
		{56748042-1A38-4B61-AFFB-211968E66089}.Debug|Any CPU.Build.0 = Debug|Any CPU
		{56748042-1A38-4B61-AFFB-211968E66089}.Release|Any CPU.ActiveCfg = Release|Any CPU
		{56748042-1A38-4B61-AFFB-211968E66089}.Release|Any CPU.Build.0 = Release|Any CPU
	EndGlobalSection
	GlobalSection(SolutionProperties) = preSolution
		HideSolutionNode = FALSE
	EndGlobalSection
EndGlobal
